
Microsoft Visual Studio Solution File, Format Version 12.00
# Visual Studio Version 16
VisualStudioVersion = 16.0.28516.95
MinimumVisualStudioVersion = 10.0.40219.1
Project("{FAE04EC0-301F-11D3-BF4B-00C04F79EFBC}") = "Xama.JTPorts.MaterialTextField", "Xama.JTPorts.MaterialTextField\Xama.JTPorts.MaterialTextField.csproj", "{C80E4C6B-24E8-4B62-AA01-9C83E73C1951}"
EndProject
Global
	GlobalSection(SolutionConfigurationPlatforms) = preSolution
		Debug|Any CPU = Debug|Any CPU
		Release|Any CPU = Release|Any CPU
	EndGlobalSection
	GlobalSection(ProjectConfigurationPlatforms) = postSolution
		{C80E4C6B-24E8-4B62-AA01-9C83E73C1951}.Debug|Any CPU.ActiveCfg = Debug|Any CPU
		{C80E4C6B-24E8-4B62-AA01-9C83E73C1951}.Debug|Any CPU.Build.0 = Debug|Any CPU
		{C80E4C6B-24E8-4B62-AA01-9C83E73C1951}.Release|Any CPU.ActiveCfg = Release|Any CPU
		{C80E4C6B-24E8-4B62-AA01-9C83E73C1951}.Release|Any CPU.Build.0 = Release|Any CPU
	EndGlobalSection
	GlobalSection(SolutionProperties) = preSolution
		HideSolutionNode = FALSE
	EndGlobalSection
	GlobalSection(ExtensibilityGlobals) = postSolution
		SolutionGuid = {73176C66-775E-4928-B271-B96D38869761}
	EndGlobalSection
EndGlobal
